
Microsoft Visual Studio Solution File, Format Version 12.00
# Visual Studio 2013
VisualStudioVersion = 12.0.31101.0
MinimumVisualStudioVersion = 10.0.40219.1
Project("{E24C65DC-7377-472B-9ABA-BC803B73C61A}") = "LiveHelpWebService", "LiveHelpWebService\", "{3282D3B2-6E35-488C-93CC-3CD8972F4041}"
	ProjectSection(WebsiteProperties) = preProject
		UseIISExpress = "true"
		TargetFrameworkMoniker = ".NETFramework,Version%3Dv3.5"
		Debug.AspNetCompiler.VirtualPath = "/LiveHelpWebService"
		Debug.AspNetCompiler.PhysicalPath = "LiveHelpWebService\"
		Debug.AspNetCompiler.TargetPath = "PrecompiledWeb\LiveHelpWebService\"
		Debug.AspNetCompiler.Updateable = "true"
		Debug.AspNetCompiler.ForceOverwrite = "true"
		Debug.AspNetCompiler.FixedNames = "false"
		Debug.AspNetCompiler.Debug = "True"
		Release.AspNetCompiler.VirtualPath = "/LiveHelpWebService"
		Release.AspNetCompiler.PhysicalPath = "LiveHelpWebService\"
		Release.AspNetCompiler.TargetPath = "PrecompiledWeb\LiveHelpWebService\"
		Release.AspNetCompiler.Updateable = "true"
		Release.AspNetCompiler.ForceOverwrite = "true"
		Release.AspNetCompiler.FixedNames = "false"
		Release.AspNetCompiler.Debug = "False"
		SlnRelativePath = "LiveHelpWebService\"
	EndProjectSection
EndProject
Global
	GlobalSection(SolutionConfigurationPlatforms) = preSolution
		Debug|Any CPU = Debug|Any CPU
	EndGlobalSection
	GlobalSection(ProjectConfigurationPlatforms) = postSolution
		{3282D3B2-6E35-488C-93CC-3CD8972F4041}.Debug|Any CPU.ActiveCfg = Debug|Any CPU
		{3282D3B2-6E35-488C-93CC-3CD8972F4041}.Debug|Any CPU.Build.0 = Debug|Any CPU
	EndGlobalSection
	GlobalSection(SolutionProperties) = preSolution
		HideSolutionNode = FALSE
	EndGlobalSection
EndGlobal
